{
  "nodes": {
    "hyprpaper": {
      "inputs": {
        "nixpkgs": "nixpkgs"
      },
      "locked": {
        "lastModified": 1676681260,
        "narHash": "sha256-R2FvbPzgvDSVs0jCUA9CMDIgw4F6exF8cR+y3Yea5jQ=",
        "owner": "hyprwm",
        "repo": "hyprpaper",
        "rev": "2bc88dc8c220db674f458432aec0ac0d9ea6a640",
        "type": "github"
      },
      "original": {
        "owner": "hyprwm",
        "repo": "hyprpaper",
        "type": "github"
      }
    },
    "hyprpicker": {
      "inputs": {
        "nixpkgs": "nixpkgs_2"
      },
      "locked": {
        "lastModified": 1675424503,
        "narHash": "sha256-XbWDq5tCUWrb+AmQT9b66OGeYHipLRAukvbl9rzkwYg=",
        "owner": "hyprwm",
        "repo": "hyprpicker",
        "rev": "e4c267292a8b983bf84929fdce01cd2b7513518e",
        "type": "github"
      },
      "original": {
        "owner": "hyprwm",
        "repo": "hyprpicker",
        "type": "github"
      }
    },
    "nixpkgs": {
      "locked": {
        "lastModified": 1674641431,
        "narHash": "sha256-qfo19qVZBP4qn5M5gXc/h1MDgAtPA5VxJm9s8RUAkVk=",
        "owner": "NixOS",
        "repo": "nixpkgs",
        "rev": "9b97ad7b4330aacda9b2343396eb3df8a853b4fc",
        "type": "github"
      },
      "original": {
        "owner": "NixOS",
        "ref": "nixos-unstable",
        "repo": "nixpkgs",
        "type": "github"
      }
    },
    "nixpkgs_2": {
      "locked": {
        "lastModified": 1662019588,
        "narHash": "sha256-oPEjHKGGVbBXqwwL+UjsveJzghWiWV0n9ogo1X6l4cw=",
        "owner": "NixOS",
        "repo": "nixpkgs",
        "rev": "2da64a81275b68fdad38af669afeda43d401e94b",
        "type": "github"
      },
      "original": {
        "owner": "NixOS",
        "ref": "nixos-unstable",
        "repo": "nixpkgs",
        "type": "github"
      }
    },
    "nixpkgs_3": {
      "locked": {
        "lastModified": 1660318005,
        "narHash": "sha256-g9WCa9lVUmOV6dYRbEPjv/TLOR5hamjeCcKExVGS3OQ=",
        "owner": "NixOS",
        "repo": "nixpkgs",
        "rev": "5c211b47aeadcc178c5320afd4e74c7eed5c389f",
        "type": "github"
      },
      "original": {
        "owner": "NixOS",
        "ref": "nixos-22.05",
        "repo": "nixpkgs",
        "type": "github"
      }
    },
    "root": {
      "inputs": {
        "hyprpaper": "hyprpaper",
        "hyprpicker": "hyprpicker",
        "nixpkgs": "nixpkgs_3"
      }
    }
  },
  "root": "root",
  "version": 7
}
